
Microsoft Visual Studio Solution File, Format Version 12.00
# Visual Studio Version 17
VisualStudioVersion = 17.5.002.0
MinimumVisualStudioVersion = 10.0.40219.1
Project("{9A19103F-16F7-4668-BE54-9A1E7A4F7556}") = "Backend", "Backend\Backend.csproj", "{550D70B0-8737-41D2-AD08-B181BF7BDC98}"
EndProject
Global
	GlobalSection(SolutionConfigurationPlatforms) = preSolution
		Debug|Any CPU = Debug|Any CPU
		Release|Any CPU = Release|Any CPU
	EndGlobalSection
	GlobalSection(ProjectConfigurationPlatforms) = postSolution
		{550D70B0-8737-41D2-AD08-B181BF7BDC98}.Debug|Any CPU.ActiveCfg = Debug|Any CPU
		{550D70B0-8737-41D2-AD08-B181BF7BDC98}.Debug|Any CPU.Build.0 = Debug|Any CPU
		{550D70B0-8737-41D2-AD08-B181BF7BDC98}.Release|Any CPU.ActiveCfg = Release|Any CPU
		{550D70B0-8737-41D2-AD08-B181BF7BDC98}.Release|Any CPU.Build.0 = Release|Any CPU
	EndGlobalSection
	GlobalSection(SolutionProperties) = preSolution
		HideSolutionNode = FALSE
	EndGlobalSection
	GlobalSection(ExtensibilityGlobals) = postSolution
		SolutionGuid = {0715E6E4-FC07-4858-BF45-0DD0157AE688}
	EndGlobalSection
EndGlobal
